
Microsoft Visual Studio Solution File, Format Version 12.00
# Visual Studio Version 17
VisualStudioVersion = 17.0.31903.59
MinimumVisualStudioVersion = 10.0.40219.1
Project("{2150E333-8FDC-42A3-9474-1A3956D46DE8}") = "src", "src", "{E886A93E-8F71-401D-A094-2735AA4F9C0F}"
	ProjectSection(SolutionItems) = preProject
		src\Directory.Build.props = src\Directory.Build.props
	EndProjectSection
EndProject
Project("{2150E333-8FDC-42A3-9474-1A3956D46DE8}") = "tests", "tests", "{021ED6DC-2265-4B76-A11E-EA6F7E51911E}"
	ProjectSection(SolutionItems) = preProject
		tests\xunit.runner.json = tests\xunit.runner.json
	EndProjectSection
EndProject
Project("{2150E333-8FDC-42A3-9474-1A3956D46DE8}") = "Solution Items", "Solution Items", "{72762321-A0E2-46F1-8A27-1E1F23637A17}"
	ProjectSection(SolutionItems) = preProject
		.gitignore = .gitignore
		LICENSE = LICENSE
		README.md = README.md
		.editorconfig = .editorconfig
	EndProjectSection
EndProject
Project("{9A19103F-16F7-4668-BE54-9A1E7A4F7556}") = "TechTolk", "src\TechTolk\TechTolk.csproj", "{8724A57C-58B5-4E34-95C8-4FAAA2614FF7}"
EndProject
Project("{9A19103F-16F7-4668-BE54-9A1E7A4F7556}") = "TechTolk.Extensions.Localization", "src\TechTolk.Extensions.Localization\TechTolk.Extensions.Localization.csproj", "{8702718A-1B83-443B-8BF4-2D334BABB3C7}"
EndProject
Project("{9A19103F-16F7-4668-BE54-9A1E7A4F7556}") = "TechTolk.Tests", "tests\TechTolk.Tests\TechTolk.Tests.csproj", "{12167440-FAF1-425B-BB63-1AB3D088FE71}"
EndProject
Project("{2150E333-8FDC-42A3-9474-1A3956D46DE8}") = ".github", ".github", "{0102C519-62FC-4428-80B6-67EDC070E614}"
EndProject
Project("{2150E333-8FDC-42A3-9474-1A3956D46DE8}") = "workflows", "workflows", "{D370359F-6328-42C0-9D43-7D51D2EA1BA9}"
	ProjectSection(SolutionItems) = preProject
		.github\workflows\build.yml = .github\workflows\build.yml
		.github\workflows\release.yml = .github\workflows\release.yml
	EndProjectSection
EndProject
Project("{9A19103F-16F7-4668-BE54-9A1E7A4F7556}") = "TechTolk.Sources.Resx", "src\TechTolk.Sources.Resx\TechTolk.Sources.Resx.csproj", "{0F7F64A2-2069-4DBD-9B36-CA20E4CC67C2}"
EndProject
Project("{9A19103F-16F7-4668-BE54-9A1E7A4F7556}") = "TechTolk.Sources.Resx.Tests", "tests\TechTolk.Sources.Resx.Tests\TechTolk.Sources.Resx.Tests.csproj", "{E1562AC0-BC05-4E50-9076-A3198BC0B829}"
EndProject
Project("{9A19103F-16F7-4668-BE54-9A1E7A4F7556}") = "TechTolk.TestSuite.Helpers", "tests\TechTolk.TestSuite.Helpers\TechTolk.TestSuite.Helpers.csproj", "{2FFC1B38-35AC-4367-ADFA-AB20F8988C8F}"
EndProject
Project("{9A19103F-16F7-4668-BE54-9A1E7A4F7556}") = "TechTolk.Extensions.Localization.Tests", "tests\TechTolk.Extensions.Localization.Tests\TechTolk.Extensions.Localization.Tests.csproj", "{C7246157-8E7A-43FC-BAD4-4A52F8718F5B}"
EndProject
Project("{9A19103F-16F7-4668-BE54-9A1E7A4F7556}") = "TechTolk.Sources.Json", "src\TechTolk.Sources.Json\TechTolk.Sources.Json.csproj", "{CBCCCC56-D0CA-48BF-B61F-7FCB246CD689}"
EndProject
Project("{9A19103F-16F7-4668-BE54-9A1E7A4F7556}") = "TechTolk.Sources.Json.Tests", "tests\TechTolk.Sources.Json.Tests\TechTolk.Sources.Json.Tests.csproj", "{B568286A-3BA6-42EF-BB96-04744C1C38D1}"
EndProject
Project("{FAE04EC0-301F-11D3-BF4B-00C04F79EFBC}") = "TechTolk.ValueRenderers.SmartFormat", "src\TechTolk.ValueRenderers.SmartFormat\TechTolk.ValueRenderers.SmartFormat.csproj", "{F7528B4A-0057-4F01-A4B6-1110B669889A}"
EndProject
Project("{FAE04EC0-301F-11D3-BF4B-00C04F79EFBC}") = "TechTolk.ValueRenderers.SmartFormat.Tests", "tests\TechTolk.ValueRenderers.SmartFormat.Tests\TechTolk.ValueRenderers.SmartFormat.Tests.csproj", "{0F37F205-A583-4D1C-87F8-1D1FE4F5EABC}"
EndProject
Global
	GlobalSection(SolutionConfigurationPlatforms) = preSolution
		Debug|Any CPU = Debug|Any CPU
		Release|Any CPU = Release|Any CPU
	EndGlobalSection
	GlobalSection(ProjectConfigurationPlatforms) = postSolution
		{8724A57C-58B5-4E34-95C8-4FAAA2614FF7}.Debug|Any CPU.ActiveCfg = Debug|Any CPU
		{8724A57C-58B5-4E34-95C8-4FAAA2614FF7}.Debug|Any CPU.Build.0 = Debug|Any CPU
		{8724A57C-58B5-4E34-95C8-4FAAA2614FF7}.Release|Any CPU.ActiveCfg = Release|Any CPU
		{8724A57C-58B5-4E34-95C8-4FAAA2614FF7}.Release|Any CPU.Build.0 = Release|Any CPU
		{8702718A-1B83-443B-8BF4-2D334BABB3C7}.Debug|Any CPU.ActiveCfg = Debug|Any CPU
		{8702718A-1B83-443B-8BF4-2D334BABB3C7}.Debug|Any CPU.Build.0 = Debug|Any CPU
		{8702718A-1B83-443B-8BF4-2D334BABB3C7}.Release|Any CPU.ActiveCfg = Release|Any CPU
		{8702718A-1B83-443B-8BF4-2D334BABB3C7}.Release|Any CPU.Build.0 = Release|Any CPU
		{12167440-FAF1-425B-BB63-1AB3D088FE71}.Debug|Any CPU.ActiveCfg = Debug|Any CPU
		{12167440-FAF1-425B-BB63-1AB3D088FE71}.Debug|Any CPU.Build.0 = Debug|Any CPU
		{12167440-FAF1-425B-BB63-1AB3D088FE71}.Release|Any CPU.ActiveCfg = Release|Any CPU
		{12167440-FAF1-425B-BB63-1AB3D088FE71}.Release|Any CPU.Build.0 = Release|Any CPU
		{0F7F64A2-2069-4DBD-9B36-CA20E4CC67C2}.Debug|Any CPU.ActiveCfg = Debug|Any CPU
		{0F7F64A2-2069-4DBD-9B36-CA20E4CC67C2}.Debug|Any CPU.Build.0 = Debug|Any CPU
		{0F7F64A2-2069-4DBD-9B36-CA20E4CC67C2}.Release|Any CPU.ActiveCfg = Release|Any CPU
		{0F7F64A2-2069-4DBD-9B36-CA20E4CC67C2}.Release|Any CPU.Build.0 = Release|Any CPU
		{E1562AC0-BC05-4E50-9076-A3198BC0B829}.Debug|Any CPU.ActiveCfg = Debug|Any CPU
		{E1562AC0-BC05-4E50-9076-A3198BC0B829}.Debug|Any CPU.Build.0 = Debug|Any CPU
		{E1562AC0-BC05-4E50-9076-A3198BC0B829}.Release|Any CPU.ActiveCfg = Release|Any CPU
		{E1562AC0-BC05-4E50-9076-A3198BC0B829}.Release|Any CPU.Build.0 = Release|Any CPU
		{2FFC1B38-35AC-4367-ADFA-AB20F8988C8F}.Debug|Any CPU.ActiveCfg = Debug|Any CPU
		{2FFC1B38-35AC-4367-ADFA-AB20F8988C8F}.Debug|Any CPU.Build.0 = Debug|Any CPU
		{2FFC1B38-35AC-4367-ADFA-AB20F8988C8F}.Release|Any CPU.ActiveCfg = Release|Any CPU
		{2FFC1B38-35AC-4367-ADFA-AB20F8988C8F}.Release|Any CPU.Build.0 = Release|Any CPU
		{C7246157-8E7A-43FC-BAD4-4A52F8718F5B}.Debug|Any CPU.ActiveCfg = Debug|Any CPU
		{C7246157-8E7A-43FC-BAD4-4A52F8718F5B}.Debug|Any CPU.Build.0 = Debug|Any CPU
		{C7246157-8E7A-43FC-BAD4-4A52F8718F5B}.Release|Any CPU.ActiveCfg = Release|Any CPU
		{C7246157-8E7A-43FC-BAD4-4A52F8718F5B}.Release|Any CPU.Build.0 = Release|Any CPU
		{CBCCCC56-D0CA-48BF-B61F-7FCB246CD689}.Debug|Any CPU.ActiveCfg = Debug|Any CPU
		{CBCCCC56-D0CA-48BF-B61F-7FCB246CD689}.Debug|Any CPU.Build.0 = Debug|Any CPU
		{CBCCCC56-D0CA-48BF-B61F-7FCB246CD689}.Release|Any CPU.ActiveCfg = Release|Any CPU
		{CBCCCC56-D0CA-48BF-B61F-7FCB246CD689}.Release|Any CPU.Build.0 = Release|Any CPU
		{B568286A-3BA6-42EF-BB96-04744C1C38D1}.Debug|Any CPU.ActiveCfg = Debug|Any CPU
		{B568286A-3BA6-42EF-BB96-04744C1C38D1}.Debug|Any CPU.Build.0 = Debug|Any CPU
		{B568286A-3BA6-42EF-BB96-04744C1C38D1}.Release|Any CPU.ActiveCfg = Release|Any CPU
		{B568286A-3BA6-42EF-BB96-04744C1C38D1}.Release|Any CPU.Build.0 = Release|Any CPU
		{F7528B4A-0057-4F01-A4B6-1110B669889A}.Debug|Any CPU.ActiveCfg = Debug|Any CPU
		{F7528B4A-0057-4F01-A4B6-1110B669889A}.Debug|Any CPU.Build.0 = Debug|Any CPU
		{F7528B4A-0057-4F01-A4B6-1110B669889A}.Release|Any CPU.ActiveCfg = Release|Any CPU
		{F7528B4A-0057-4F01-A4B6-1110B669889A}.Release|Any CPU.Build.0 = Release|Any CPU
		{0F37F205-A583-4D1C-87F8-1D1FE4F5EABC}.Debug|Any CPU.ActiveCfg = Debug|Any CPU
		{0F37F205-A583-4D1C-87F8-1D1FE4F5EABC}.Debug|Any CPU.Build.0 = Debug|Any CPU
		{0F37F205-A583-4D1C-87F8-1D1FE4F5EABC}.Release|Any CPU.ActiveCfg = Release|Any CPU
		{0F37F205-A583-4D1C-87F8-1D1FE4F5EABC}.Release|Any CPU.Build.0 = Release|Any CPU
	EndGlobalSection
	GlobalSection(SolutionProperties) = preSolution
		HideSolutionNode = FALSE
	EndGlobalSection
	GlobalSection(NestedProjects) = preSolution
		{8724A57C-58B5-4E34-95C8-4FAAA2614FF7} = {E886A93E-8F71-401D-A094-2735AA4F9C0F}
		{8702718A-1B83-443B-8BF4-2D334BABB3C7} = {E886A93E-8F71-401D-A094-2735AA4F9C0F}
		{12167440-FAF1-425B-BB63-1AB3D088FE71} = {021ED6DC-2265-4B76-A11E-EA6F7E51911E}
		{D370359F-6328-42C0-9D43-7D51D2EA1BA9} = {0102C519-62FC-4428-80B6-67EDC070E614}
		{0F7F64A2-2069-4DBD-9B36-CA20E4CC67C2} = {E886A93E-8F71-401D-A094-2735AA4F9C0F}
		{E1562AC0-BC05-4E50-9076-A3198BC0B829} = {021ED6DC-2265-4B76-A11E-EA6F7E51911E}
		{2FFC1B38-35AC-4367-ADFA-AB20F8988C8F} = {021ED6DC-2265-4B76-A11E-EA6F7E51911E}
		{C7246157-8E7A-43FC-BAD4-4A52F8718F5B} = {021ED6DC-2265-4B76-A11E-EA6F7E51911E}
		{CBCCCC56-D0CA-48BF-B61F-7FCB246CD689} = {E886A93E-8F71-401D-A094-2735AA4F9C0F}
		{B568286A-3BA6-42EF-BB96-04744C1C38D1} = {021ED6DC-2265-4B76-A11E-EA6F7E51911E}
		{F7528B4A-0057-4F01-A4B6-1110B669889A} = {E886A93E-8F71-401D-A094-2735AA4F9C0F}
		{0F37F205-A583-4D1C-87F8-1D1FE4F5EABC} = {021ED6DC-2265-4B76-A11E-EA6F7E51911E}
	EndGlobalSection
	GlobalSection(ExtensibilityGlobals) = postSolution
		SolutionGuid = {C20C0AB4-F356-4B2B-8E6E-531327F28494}
	EndGlobalSection
EndGlobal
